// !$*UTF8*$!
{
	archiveVersion = 1;
	classes = {
	};
	objectVersion = 48;
	objects = {

/* Begin PBXBuildFile section */
		493325F62039F6DA0061DDBE /* AppDelegate.swift in Sources */ = {isa = PBXBuildFile; fileRef = 493325F52039F6DA0061DDBE /* AppDelegate.swift */; };
		493325F82039F6DA0061DDBE /* Assets.xcassets in Resources */ = {isa = PBXBuildFile; fileRef = 493325F72039F6DA0061DDBE /* Assets.xcassets */; };
		493325FB2039F6DA0061DDBE /* MainMenu.xib in Resources */ = {isa = PBXBuildFile; fileRef = 493325F92039F6DA0061DDBE /* MainMenu.xib */; };
		4933260C203A1FB50061DDBE /* RootViewController.swift in Sources */ = {isa = PBXBuildFile; fileRef = 4933260A203A1FB50061DDBE /* RootViewController.swift */; };
		4933260D203A1FB50061DDBE /* RootView.xib in Resources */ = {isa = PBXBuildFile; fileRef = 4933260B203A1FB50061DDBE /* RootView.xib */; };
		49332613203A29570061DDBE /* RootEventMonitor.swift in Sources */ = {isa = PBXBuildFile; fileRef = 49332612203A29570061DDBE /* RootEventMonitor.swift */; };
		49332616203A40930061DDBE /* ClockViewController.swift in Sources */ = {isa = PBXBuildFile; fileRef = 49332614203A40930061DDBE /* ClockViewController.swift */; };
		49332617203A40930061DDBE /* ClockView.xib in Resources */ = {isa = PBXBuildFile; fileRef = 49332615203A40930061DDBE /* ClockView.xib */; };
		49332619203A66D20061DDBE /* TimeView.swift in Sources */ = {isa = PBXBuildFile; fileRef = 49332618203A66D20061DDBE /* TimeView.swift */; };
		4933261B203A66DF0061DDBE /* TimeView.xib in Resources */ = {isa = PBXBuildFile; fileRef = 4933261A203A66DF0061DDBE /* TimeView.xib */; };
		4933261E203B4C3E0061DDBE /* WeatherViewController.swift in Sources */ = {isa = PBXBuildFile; fileRef = 4933261C203B4C3E0061DDBE /* WeatherViewController.swift */; };
		4933261F203B4C3E0061DDBE /* WeatherView.xib in Resources */ = {isa = PBXBuildFile; fileRef = 4933261D203B4C3E0061DDBE /* WeatherView.xib */; };
		49332625203B51B70061DDBE /* ConditionsView.xib in Resources */ = {isa = PBXBuildFile; fileRef = 49332624203B51B70061DDBE /* ConditionsView.xib */; };
		49332627203B52AC0061DDBE /* ConditionsView.swift in Sources */ = {isa = PBXBuildFile; fileRef = 49332626203B52AC0061DDBE /* ConditionsView.swift */; };
		4933262A203B744C0061DDBE /* OWMCurrentConditions.swift in Sources */ = {isa = PBXBuildFile; fileRef = 49332629203B744C0061DDBE /* OWMCurrentConditions.swift */; };
		49716DB2204CA58700D3B242 /* Result.framework in Frameworks */ = {isa = PBXBuildFile; fileRef = 49716DAF204CA58500D3B242 /* Result.framework */; };
		49716DB3204CA58700D3B242 /* Result.framework in Embed Frameworks */ = {isa = PBXBuildFile; fileRef = 49716DAF204CA58500D3B242 /* Result.framework */; settings = {ATTRIBUTES = (CodeSignOnCopy, RemoveHeadersOnCopy, ); }; };
		49716DB4204CA58700D3B242 /* ReactiveCocoa.framework in Frameworks */ = {isa = PBXBuildFile; fileRef = 49716DB0204CA58600D3B242 /* ReactiveCocoa.framework */; };
		49716DB5204CA58700D3B242 /* ReactiveCocoa.framework in Embed Frameworks */ = {isa = PBXBuildFile; fileRef = 49716DB0204CA58600D3B242 /* ReactiveCocoa.framework */; settings = {ATTRIBUTES = (CodeSignOnCopy, RemoveHeadersOnCopy, ); }; };
		49716DB6204CA58700D3B242 /* ReactiveSwift.framework in Frameworks */ = {isa = PBXBuildFile; fileRef = 49716DB1204CA58600D3B242 /* ReactiveSwift.framework */; };
		49716DB7204CA58700D3B242 /* ReactiveSwift.framework in Embed Frameworks */ = {isa = PBXBuildFile; fileRef = 49716DB1204CA58600D3B242 /* ReactiveSwift.framework */; settings = {ATTRIBUTES = (CodeSignOnCopy, RemoveHeadersOnCopy, ); }; };
		497B4A3A203B8B9100EC122B /* OWMWeatherModels.swift in Sources */ = {isa = PBXBuildFile; fileRef = 497B4A39203B8B9100EC122B /* OWMWeatherModels.swift */; };
		4996CC21203D115200F2303D /* apikeys.plist in Resources */ = {isa = PBXBuildFile; fileRef = 4996CC20203D115200F2303D /* apikeys.plist */; };
		49C560542055D8120000F1AB /* NSImageView+NetworkFetch.swift in Sources */ = {isa = PBXBuildFile; fileRef = 49C560532055D8120000F1AB /* NSImageView+NetworkFetch.swift */; };
		49C56056205D97A30000F1AB /* ClockViewModel.swift in Sources */ = {isa = PBXBuildFile; fileRef = 49C56055205D97A30000F1AB /* ClockViewModel.swift */; };
/* End PBXBuildFile section */

/* Begin PBXCopyFilesBuildPhase section */
		4933262E203B852D0061DDBE /* Embed Frameworks */ = {
			isa = PBXCopyFilesBuildPhase;
			buildActionMask = 2147483647;
			dstPath = "";
			dstSubfolderSpec = 10;
			files = (
				49716DB3204CA58700D3B242 /* Result.framework in Embed Frameworks */,
				49716DB5204CA58700D3B242 /* ReactiveCocoa.framework in Embed Frameworks */,
				49716DB7204CA58700D3B242 /* ReactiveSwift.framework in Embed Frameworks */,
			);
			name = "Embed Frameworks";
			runOnlyForDeploymentPostprocessing = 0;
		};
		49332632203B86400061DDBE /* Copy Dsyms */ = {
			isa = PBXCopyFilesBuildPhase;
			buildActionMask = 2147483647;
			dstPath = "";
			dstSubfolderSpec = 16;
			files = (
			);
			name = "Copy Dsyms";
			runOnlyForDeploymentPostprocessing = 0;
		};
/* End PBXCopyFilesBuildPhase section */

/* Begin PBXFileReference section */
		493325F22039F6DA0061DDBE /* WeatherClock.app */ = {isa = PBXFileReference; explicitFileType = wrapper.application; includeInIndex = 0; path = WeatherClock.app; sourceTree = BUILT_PRODUCTS_DIR; };
		493325F52039F6DA0061DDBE /* AppDelegate.swift */ = {isa = PBXFileReference; lastKnownFileType = sourcecode.swift; path = AppDelegate.swift; sourceTree = "<group>"; };
		493325F72039F6DA0061DDBE /* Assets.xcassets */ = {isa = PBXFileReference; lastKnownFileType = folder.assetcatalog; path = Assets.xcassets; sourceTree = "<group>"; };
		493325FA2039F6DA0061DDBE /* Base */ = {isa = PBXFileReference; lastKnownFileType = file.xib; name = Base; path = Base.lproj/MainMenu.xib; sourceTree = "<group>"; };
		493325FC2039F6DA0061DDBE /* Info.plist */ = {isa = PBXFileReference; lastKnownFileType = text.plist.xml; path = Info.plist; sourceTree = "<group>"; };
		493325FD2039F6DA0061DDBE /* WeatherClock.entitlements */ = {isa = PBXFileReference; lastKnownFileType = text.plist.entitlements; path = WeatherClock.entitlements; sourceTree = "<group>"; };
		4933260A203A1FB50061DDBE /* RootViewController.swift */ = {isa = PBXFileReference; lastKnownFileType = sourcecode.swift; path = RootViewController.swift; sourceTree = "<group>"; };
		4933260B203A1FB50061DDBE /* RootView.xib */ = {isa = PBXFileReference; lastKnownFileType = file.xib; path = RootView.xib; sourceTree = "<group>"; };
		49332612203A29570061DDBE /* RootEventMonitor.swift */ = {isa = PBXFileReference; lastKnownFileType = sourcecode.swift; path = RootEventMonitor.swift; sourceTree = "<group>"; };
		49332614203A40930061DDBE /* ClockViewController.swift */ = {isa = PBXFileReference; lastKnownFileType = sourcecode.swift; path = ClockViewController.swift; sourceTree = "<group>"; };
		49332615203A40930061DDBE /* ClockView.xib */ = {isa = PBXFileReference; lastKnownFileType = file.xib; path = ClockView.xib; sourceTree = "<group>"; };
		49332618203A66D20061DDBE /* TimeView.swift */ = {isa = PBXFileReference; lastKnownFileType = sourcecode.swift; path = TimeView.swift; sourceTree = "<group>"; };
		4933261A203A66DF0061DDBE /* TimeView.xib */ = {isa = PBXFileReference; lastKnownFileType = file.xib; path = TimeView.xib; sourceTree = "<group>"; };
		4933261C203B4C3E0061DDBE /* WeatherViewController.swift */ = {isa = PBXFileReference; lastKnownFileType = sourcecode.swift; path = WeatherViewController.swift; sourceTree = "<group>"; };
		4933261D203B4C3E0061DDBE /* WeatherView.xib */ = {isa = PBXFileReference; lastKnownFileType = file.xib; path = WeatherView.xib; sourceTree = "<group>"; };
		49332624203B51B70061DDBE /* ConditionsView.xib */ = {isa = PBXFileReference; lastKnownFileType = file.xib; path = ConditionsView.xib; sourceTree = "<group>"; };
		49332626203B52AC0061DDBE /* ConditionsView.swift */ = {isa = PBXFileReference; lastKnownFileType = sourcecode.swift; path = ConditionsView.swift; sourceTree = "<group>"; };
		49332629203B744C0061DDBE /* OWMCurrentConditions.swift */ = {isa = PBXFileReference; lastKnownFileType = sourcecode.swift; path = OWMCurrentConditions.swift; sourceTree = "<group>"; };
		49716DAF204CA58500D3B242 /* Result.framework */ = {isa = PBXFileReference; lastKnownFileType = wrapper.framework; name = Result.framework; path = Carthage/Build/Mac/Result.framework; sourceTree = "<group>"; };
		49716DB0204CA58600D3B242 /* ReactiveCocoa.framework */ = {isa = PBXFileReference; lastKnownFileType = wrapper.framework; name = ReactiveCocoa.framework; path = Carthage/Build/Mac/ReactiveCocoa.framework; sourceTree = "<group>"; };
		49716DB1204CA58600D3B242 /* ReactiveSwift.framework */ = {isa = PBXFileReference; lastKnownFileType = wrapper.framework; name = ReactiveSwift.framework; path = Carthage/Build/Mac/ReactiveSwift.framework; sourceTree = "<group>"; };
		49716DB9204CA5D000D3B242 /* Result.framework.dSYM */ = {isa = PBXFileReference; lastKnownFileType = wrapper.dsym; name = Result.framework.dSYM; path = Carthage/Build/Mac/Result.framework.dSYM; sourceTree = "<group>"; };
		49716DBA204CA5D000D3B242 /* ReactiveSwift.framework.dSYM */ = {isa = PBXFileReference; lastKnownFileType = wrapper.dsym; name = ReactiveSwift.framework.dSYM; path = Carthage/Build/Mac/ReactiveSwift.framework.dSYM; sourceTree = "<group>"; };
		49716DBB204CA5D100D3B242 /* ReactiveCocoa.framework.dSYM */ = {isa = PBXFileReference; lastKnownFileType = wrapper.dsym; name = ReactiveCocoa.framework.dSYM; path = Carthage/Build/Mac/ReactiveCocoa.framework.dSYM; sourceTree = "<group>"; };
		497B4A39203B8B9100EC122B /* OWMWeatherModels.swift */ = {isa = PBXFileReference; lastKnownFileType = sourcecode.swift; path = OWMWeatherModels.swift; sourceTree = "<group>"; };
		4996CC20203D115200F2303D /* apikeys.plist */ = {isa = PBXFileReference; lastKnownFileType = text.plist.xml; path = apikeys.plist; sourceTree = "<group>"; };
		49C560532055D8120000F1AB /* NSImageView+NetworkFetch.swift */ = {isa = PBXFileReference; lastKnownFileType = sourcecode.swift; path = "NSImageView+NetworkFetch.swift"; sourceTree = "<group>"; };
		49C56055205D97A30000F1AB /* ClockViewModel.swift */ = {isa = PBXFileReference; lastKnownFileType = sourcecode.swift; path = ClockViewModel.swift; sourceTree = "<group>"; };
/* End PBXFileReference section */

/* Begin PBXFrameworksBuildPhase section */
		493325EF2039F6DA0061DDBE /* Frameworks */ = {
			isa = PBXFrameworksBuildPhase;
			buildActionMask = 2147483647;
			files = (
				49716DB2204CA58700D3B242 /* Result.framework in Frameworks */,
				49716DB4204CA58700D3B242 /* ReactiveCocoa.framework in Frameworks */,
				49716DB6204CA58700D3B242 /* ReactiveSwift.framework in Frameworks */,
			);
			runOnlyForDeploymentPostprocessing = 0;
		};
/* End PBXFrameworksBuildPhase section */

/* Begin PBXGroup section */
		493325E92039F6DA0061DDBE = {
			isa = PBXGroup;
			children = (
				49716DB8204CA59100D3B242 /* Vendor */,
				493325F42039F6DA0061DDBE /* WeatherClock */,
				493325F32039F6DA0061DDBE /* Products */,
			);
			sourceTree = "<group>";
		};
		493325F32039F6DA0061DDBE /* Products */ = {
			isa = PBXGroup;
			children = (
				493325F22039F6DA0061DDBE /* WeatherClock.app */,
			);
			name = Products;
			sourceTree = "<group>";
		};
		493325F42039F6DA0061DDBE /* WeatherClock */ = {
			isa = PBXGroup;
			children = (
				4996CC1F203D113100F2303D /* Resources */,
				49332628203B70650061DDBE /* Network */,
				49332611203A28F60061DDBE /* Startup */,
				4933260E203A28C30061DDBE /* View Controllers */,
				493325F52039F6DA0061DDBE /* AppDelegate.swift */,
				493325F72039F6DA0061DDBE /* Assets.xcassets */,
				493325F92039F6DA0061DDBE /* MainMenu.xib */,
				493325FC2039F6DA0061DDBE /* Info.plist */,
				493325FD2039F6DA0061DDBE /* WeatherClock.entitlements */,
			);
			path = WeatherClock;
			sourceTree = "<group>";
		};
		4933260E203A28C30061DDBE /* View Controllers */ = {
			isa = PBXGroup;
			children = (
				49332610203A28DF0061DDBE /* Weather */,
				4933260F203A28D90061DDBE /* Clock */,
			);
			path = "View Controllers";
			sourceTree = "<group>";
		};
		4933260F203A28D90061DDBE /* Clock */ = {
			isa = PBXGroup;
			children = (
				49332614203A40930061DDBE /* ClockViewController.swift */,
				49332615203A40930061DDBE /* ClockView.xib */,
				49332618203A66D20061DDBE /* TimeView.swift */,
				4933261A203A66DF0061DDBE /* TimeView.xib */,
				49C56055205D97A30000F1AB /* ClockViewModel.swift */,
			);
			path = Clock;
			sourceTree = "<group>";
		};
		49332610203A28DF0061DDBE /* Weather */ = {
			isa = PBXGroup;
			children = (
				497B4A38203B8B7100EC122B /* Models */,
				4933261C203B4C3E0061DDBE /* WeatherViewController.swift */,
				4933261D203B4C3E0061DDBE /* WeatherView.xib */,
				49332624203B51B70061DDBE /* ConditionsView.xib */,
				49332626203B52AC0061DDBE /* ConditionsView.swift */,
			);
			path = Weather;
			sourceTree = "<group>";
		};
		49332611203A28F60061DDBE /* Startup */ = {
			isa = PBXGroup;
			children = (
				4933260A203A1FB50061DDBE /* RootViewController.swift */,
				4933260B203A1FB50061DDBE /* RootView.xib */,
				49332612203A29570061DDBE /* RootEventMonitor.swift */,
			);
			path = Startup;
			sourceTree = "<group>";
		};
		49332628203B70650061DDBE /* Network */ = {
			isa = PBXGroup;
			children = (
				49332629203B744C0061DDBE /* OWMCurrentConditions.swift */,
				49C560532055D8120000F1AB /* NSImageView+NetworkFetch.swift */,
			);
			path = Network;
			sourceTree = "<group>";
		};
		49716DB8204CA59100D3B242 /* Vendor */ = {
			isa = PBXGroup;
			children = (
				49716DBB204CA5D100D3B242 /* ReactiveCocoa.framework.dSYM */,
				49716DBA204CA5D000D3B242 /* ReactiveSwift.framework.dSYM */,
				49716DB9204CA5D000D3B242 /* Result.framework.dSYM */,
				49716DB0204CA58600D3B242 /* ReactiveCocoa.framework */,
				49716DB1204CA58600D3B242 /* ReactiveSwift.framework */,
				49716DAF204CA58500D3B242 /* Result.framework */,
			);
			name = Vendor;
			sourceTree = "<group>";
		};
		497B4A38203B8B7100EC122B /* Models */ = {
			isa = PBXGroup;
			children = (
				497B4A39203B8B9100EC122B /* OWMWeatherModels.swift */,
			);
			path = Models;
			sourceTree = "<group>";
		};
		4996CC1F203D113100F2303D /* Resources */ = {
			isa = PBXGroup;
			children = (
				4996CC20203D115200F2303D /* apikeys.plist */,
			);
			path = Resources;
			sourceTree = "<group>";
		};
/* End PBXGroup section */

/* Begin PBXNativeTarget section */
		493325F12039F6DA0061DDBE /* WeatherClock */ = {
			isa = PBXNativeTarget;
			buildConfigurationList = 493326002039F6DA0061DDBE /* Build configuration list for PBXNativeTarget "WeatherClock" */;
			buildPhases = (
				493325EE2039F6DA0061DDBE /* Sources */,
				493325EF2039F6DA0061DDBE /* Frameworks */,
				493325F02039F6DA0061DDBE /* Resources */,
				4933262E203B852D0061DDBE /* Embed Frameworks */,
				49332632203B86400061DDBE /* Copy Dsyms */,
			);
			buildRules = (
			);
			dependencies = (
			);
			name = WeatherClock;
			productName = WeatherClock;
			productReference = 493325F22039F6DA0061DDBE /* WeatherClock.app */;
			productType = "com.apple.product-type.application";
		};
/* End PBXNativeTarget section */

/* Begin PBXProject section */
		493325EA2039F6DA0061DDBE /* Project object */ = {
			isa = PBXProject;
			attributes = {
				LastSwiftUpdateCheck = 0920;
				LastUpgradeCheck = 0920;
				ORGANIZATIONNAME = NormBarnard;
				TargetAttributes = {
					493325F12039F6DA0061DDBE = {
						CreatedOnToolsVersion = 9.2;
						ProvisioningStyle = Automatic;
						SystemCapabilities = {
							com.apple.Sandbox = {
								enabled = 0;
							};
						};
					};
				};
			};
			buildConfigurationList = 493325ED2039F6DA0061DDBE /* Build configuration list for PBXProject "WeatherClock" */;
			compatibilityVersion = "Xcode 8.0";
			developmentRegion = en;
			hasScannedForEncodings = 0;
			knownRegions = (
				en,
				Base,
			);
			mainGroup = 493325E92039F6DA0061DDBE;
			productRefGroup = 493325F32039F6DA0061DDBE /* Products */;
			projectDirPath = "";
			projectRoot = "";
			targets = (
				493325F12039F6DA0061DDBE /* WeatherClock */,
			);
		};
/* End PBXProject section */

/* Begin PBXResourcesBuildPhase section */
		493325F02039F6DA0061DDBE /* Resources */ = {
			isa = PBXResourcesBuildPhase;
			buildActionMask = 2147483647;
			files = (
				493325F82039F6DA0061DDBE /* Assets.xcassets in Resources */,
				49332625203B51B70061DDBE /* ConditionsView.xib in Resources */,
				4933261F203B4C3E0061DDBE /* WeatherView.xib in Resources */,
				493325FB2039F6DA0061DDBE /* MainMenu.xib in Resources */,
				4933260D203A1FB50061DDBE /* RootView.xib in Resources */,
				4996CC21203D115200F2303D /* apikeys.plist in Resources */,
				49332617203A40930061DDBE /* ClockView.xib in Resources */,
				4933261B203A66DF0061DDBE /* TimeView.xib in Resources */,
			);
			runOnlyForDeploymentPostprocessing = 0;
		};
/* End PBXResourcesBuildPhase section */

/* Begin PBXSourcesBuildPhase section */
		493325EE2039F6DA0061DDBE /* Sources */ = {
			isa = PBXSourcesBuildPhase;
			buildActionMask = 2147483647;
			files = (
				49C560542055D8120000F1AB /* NSImageView+NetworkFetch.swift in Sources */,
				49332613203A29570061DDBE /* RootEventMonitor.swift in Sources */,
				4933261E203B4C3E0061DDBE /* WeatherViewController.swift in Sources */,
				4933260C203A1FB50061DDBE /* RootViewController.swift in Sources */,
				49332627203B52AC0061DDBE /* ConditionsView.swift in Sources */,
				49332619203A66D20061DDBE /* TimeView.swift in Sources */,
				4933262A203B744C0061DDBE /* OWMCurrentConditions.swift in Sources */,
				497B4A3A203B8B9100EC122B /* OWMWeatherModels.swift in Sources */,
				49C56056205D97A30000F1AB /* ClockViewModel.swift in Sources */,
				493325F62039F6DA0061DDBE /* AppDelegate.swift in Sources */,
				49332616203A40930061DDBE /* ClockViewController.swift in Sources */,
			);
			runOnlyForDeploymentPostprocessing = 0;
		};
/* End PBXSourcesBuildPhase section */

/* Begin PBXVariantGroup section */
		493325F92039F6DA0061DDBE /* MainMenu.xib */ = {
			isa = PBXVariantGroup;
			children = (
				493325FA2039F6DA0061DDBE /* Base */,
			);
			name = MainMenu.xib;
			sourceTree = "<group>";
		};
/* End PBXVariantGroup section */

/* Begin XCBuildConfiguration section */
		493325FE2039F6DA0061DDBE /* Debug */ = {
			isa = XCBuildConfiguration;
			buildSettings = {
				ALWAYS_SEARCH_USER_PATHS = NO;
				CLANG_ANALYZER_NONNULL = YES;
				CLANG_ANALYZER_NUMBER_OBJECT_CONVERSION = YES_AGGRESSIVE;
				CLANG_CXX_LANGUAGE_STANDARD = "gnu++14";
				CLANG_CXX_LIBRARY = "libc++";
				CLANG_ENABLE_MODULES = YES;
				CLANG_ENABLE_OBJC_ARC = YES;
				CLANG_WARN_BLOCK_CAPTURE_AUTORELEASING = YES;
				CLANG_WARN_BOOL_CONVERSION = YES;
				CLANG_WARN_COMMA = YES;
				CLANG_WARN_CONSTANT_CONVERSION = YES;
				CLANG_WARN_DIRECT_OBJC_ISA_USAGE = YES_ERROR;
				CLANG_WARN_DOCUMENTATION_COMMENTS = YES;
				CLANG_WARN_EMPTY_BODY = YES;
				CLANG_WARN_ENUM_CONVERSION = YES;
				CLANG_WARN_INFINITE_RECURSION = YES;
				CLANG_WARN_INT_CONVERSION = YES;
				CLANG_WARN_NON_LITERAL_NULL_CONVERSION = YES;
				CLANG_WARN_OBJC_LITERAL_CONVERSION = YES;
				CLANG_WARN_OBJC_ROOT_CLASS = YES_ERROR;
				CLANG_WARN_RANGE_LOOP_ANALYSIS = YES;
				CLANG_WARN_STRICT_PROTOTYPES = YES;
				CLANG_WARN_SUSPICIOUS_MOVE = YES;
				CLANG_WARN_UNGUARDED_AVAILABILITY = YES_AGGRESSIVE;
				CLANG_WARN_UNREACHABLE_CODE = YES;
				CLANG_WARN__DUPLICATE_METHOD_MATCH = YES;
				CODE_SIGN_IDENTITY = "Mac Developer";
				COPY_PHASE_STRIP = NO;
				DEBUG_INFORMATION_FORMAT = dwarf;
				ENABLE_STRICT_OBJC_MSGSEND = YES;
				ENABLE_TESTABILITY = YES;
				GCC_C_LANGUAGE_STANDARD = gnu11;
				GCC_DYNAMIC_NO_PIC = NO;
				GCC_NO_COMMON_BLOCKS = YES;
				GCC_OPTIMIZATION_LEVEL = 0;
				GCC_PREPROCESSOR_DEFINITIONS = (
					"DEBUG=1",
					"$(inherited)",
				);
				GCC_WARN_64_TO_32_BIT_CONVERSION = YES;
				GCC_WARN_ABOUT_RETURN_TYPE = YES_ERROR;
				GCC_WARN_UNDECLARED_SELECTOR = YES;
				GCC_WARN_UNINITIALIZED_AUTOS = YES_AGGRESSIVE;
				GCC_WARN_UNUSED_FUNCTION = YES;
				GCC_WARN_UNUSED_VARIABLE = YES;
				MACOSX_DEPLOYMENT_TARGET = 10.13;
				MTL_ENABLE_DEBUG_INFO = YES;
				ONLY_ACTIVE_ARCH = YES;
				SDKROOT = macosx;
				SWIFT_ACTIVE_COMPILATION_CONDITIONS = DEBUG;
				SWIFT_OPTIMIZATION_LEVEL = "-Onone";
			};
			name = Debug;
		};
		493325FF2039F6DA0061DDBE /* Release */ = {
			isa = XCBuildConfiguration;
			buildSettings = {
				ALWAYS_SEARCH_USER_PATHS = NO;
				CLANG_ANALYZER_NONNULL = YES;
				CLANG_ANALYZER_NUMBER_OBJECT_CONVERSION = YES_AGGRESSIVE;
				CLANG_CXX_LANGUAGE_STANDARD = "gnu++14";
				CLANG_CXX_LIBRARY = "libc++";
				CLANG_ENABLE_MODULES = YES;
				CLANG_ENABLE_OBJC_ARC = YES;
				CLANG_WARN_BLOCK_CAPTURE_AUTORELEASING = YES;
				CLANG_WARN_BOOL_CONVERSION = YES;
				CLANG_WARN_COMMA = YES;
				CLANG_WARN_CONSTANT_CONVERSION = YES;
				CLANG_WARN_DIRECT_OBJC_ISA_USAGE = YES_ERROR;
				CLANG_WARN_DOCUMENTATION_COMMENTS = YES;
				CLANG_WARN_EMPTY_BODY = YES;
				CLANG_WARN_ENUM_CONVERSION = YES;
				CLANG_WARN_INFINITE_RECURSION = YES;
				CLANG_WARN_INT_CONVERSION = YES;
				CLANG_WARN_NON_LITERAL_NULL_CONVERSION = YES;
				CLANG_WARN_OBJC_LITERAL_CONVERSION = YES;
				CLANG_WARN_OBJC_ROOT_CLASS = YES_ERROR;
				CLANG_WARN_RANGE_LOOP_ANALYSIS = YES;
				CLANG_WARN_STRICT_PROTOTYPES = YES;
				CLANG_WARN_SUSPICIOUS_MOVE = YES;
				CLANG_WARN_UNGUARDED_AVAILABILITY = YES_AGGRESSIVE;
				CLANG_WARN_UNREACHABLE_CODE = YES;
				CLANG_WARN__DUPLICATE_METHOD_MATCH = YES;
				CODE_SIGN_IDENTITY = "Mac Developer";
				COPY_PHASE_STRIP = NO;
				DEBUG_INFORMATION_FORMAT = "dwarf-with-dsym";
				ENABLE_NS_ASSERTIONS = NO;
				ENABLE_STRICT_OBJC_MSGSEND = YES;
				GCC_C_LANGUAGE_STANDARD = gnu11;
				GCC_NO_COMMON_BLOCKS = YES;
				GCC_WARN_64_TO_32_BIT_CONVERSION = YES;
				GCC_WARN_ABOUT_RETURN_TYPE = YES_ERROR;
				GCC_WARN_UNDECLARED_SELECTOR = YES;
				GCC_WARN_UNINITIALIZED_AUTOS = YES_AGGRESSIVE;
				GCC_WARN_UNUSED_FUNCTION = YES;
				GCC_WARN_UNUSED_VARIABLE = YES;
				MACOSX_DEPLOYMENT_TARGET = 10.13;
				MTL_ENABLE_DEBUG_INFO = NO;
				SDKROOT = macosx;
				SWIFT_OPTIMIZATION_LEVEL = "-Owholemodule";
			};
			name = Release;
		};
		493326012039F6DA0061DDBE /* Debug */ = {
			isa = XCBuildConfiguration;
			buildSettings = {
				ASSETCATALOG_COMPILER_APPICON_NAME = AppIcon;
				CODE_SIGN_STYLE = Automatic;
				COMBINE_HIDPI_IMAGES = YES;
				DEVELOPMENT_TEAM = FA5W6TJ34U;
				FRAMEWORK_SEARCH_PATHS = (
					"$(inherited)",
					"$(PROJECT_DIR)/Carthage/Build/Mac",
					"$(PROJECT_DIR)/Vendor",
				);
				INFOPLIST_FILE = WeatherClock/Info.plist;
				LD_RUNPATH_SEARCH_PATHS = "$(inherited) @executable_path/../Frameworks";
				PRODUCT_BUNDLE_IDENTIFIER = com.normbarnard.WeatherClock;
				PRODUCT_NAME = "$(TARGET_NAME)";
				SWIFT_VERSION = 4.0;
			};
			name = Debug;
		};
		493326022039F6DA0061DDBE /* Release */ = {
			isa = XCBuildConfiguration;
			buildSettings = {
				ASSETCATALOG_COMPILER_APPICON_NAME = AppIcon;
				CODE_SIGN_STYLE = Automatic;
				COMBINE_HIDPI_IMAGES = YES;
				DEVELOPMENT_TEAM = FA5W6TJ34U;
				FRAMEWORK_SEARCH_PATHS = (
					"$(inherited)",
					"$(PROJECT_DIR)/Carthage/Build/Mac",
					"$(PROJECT_DIR)/Vendor",
				);
				INFOPLIST_FILE = WeatherClock/Info.plist;
				LD_RUNPATH_SEARCH_PATHS = "$(inherited) @executable_path/../Frameworks";
				PRODUCT_BUNDLE_IDENTIFIER = com.normbarnard.WeatherClock;
				PRODUCT_NAME = "$(TARGET_NAME)";
				SWIFT_VERSION = 4.0;
			};
			name = Release;
		};
/* End XCBuildConfiguration section */

/* Begin XCConfigurationList section */
		493325ED2039F6DA0061DDBE /* Build configuration list for PBXProject "WeatherClock" */ = {
			isa = XCConfigurationList;
			buildConfigurations = (
				493325FE2039F6DA0061DDBE /* Debug */,
				493325FF2039F6DA0061DDBE /* Release */,
			);
			defaultConfigurationIsVisible = 0;
			defaultConfigurationName = Release;
		};
		493326002039F6DA0061DDBE /* Build configuration list for PBXNativeTarget "WeatherClock" */ = {
			isa = XCConfigurationList;
			buildConfigurations = (
				493326012039F6DA0061DDBE /* Debug */,
				493326022039F6DA0061DDBE /* Release */,
			);
			defaultConfigurationIsVisible = 0;
			defaultConfigurationName = Release;
		};
/* End XCConfigurationList section */
	};
	rootObject = 493325EA2039F6DA0061DDBE /* Project object */;
}
